
Microsoft Visual Studio Solution File, Format Version 12.00
# Visual Studio Version 17
VisualStudioVersion = 17.3.32929.385
MinimumVisualStudioVersion = 10.0.40219.1
Project("{FAE04EC0-301F-11D3-BF4B-00C04F79EFBC}") = "LINQ_ProductReviewManagement", "LINQ_ProductReviewManagement.csproj", "{E40D85E0-9543-44FD-ACAD-C3A6A0EFF4CB}"
EndProject
Global
	GlobalSection(SolutionConfigurationPlatforms) = preSolution
		Debug|Any CPU = Debug|Any CPU
		Release|Any CPU = Release|Any CPU
	EndGlobalSection
	GlobalSection(ProjectConfigurationPlatforms) = postSolution
		{E40D85E0-9543-44FD-ACAD-C3A6A0EFF4CB}.Debug|Any CPU.ActiveCfg = Debug|Any CPU
		{E40D85E0-9543-44FD-ACAD-C3A6A0EFF4CB}.Debug|Any CPU.Build.0 = Debug|Any CPU
		{E40D85E0-9543-44FD-ACAD-C3A6A0EFF4CB}.Release|Any CPU.ActiveCfg = Release|Any CPU
		{E40D85E0-9543-44FD-ACAD-C3A6A0EFF4CB}.Release|Any CPU.Build.0 = Release|Any CPU
	EndGlobalSection
	GlobalSection(SolutionProperties) = preSolution
		HideSolutionNode = FALSE
	EndGlobalSection
	GlobalSection(ExtensibilityGlobals) = postSolution
		SolutionGuid = {FDD9E1AA-BB7D-4E47-A5C0-665798755D7F}
	EndGlobalSection
EndGlobal
